{
  "name": "chao_yi_shu",
  "version": "1.0.1",
  "lockfileVersion": 1,
  "requires": true,
  "dependencies": {
    "File": {
      "version": "0.10.2",
      "resolved": "https://rrtv-npm.pkg.coding.net/ironman/rr-vue2-elem/__tarballs/File/0.10.2/__path/File/-/File-0.10.2/e899f776d273e2243ba86105bb3b056d0fb95604.tgz",
      "integrity": "sha512-gomQVTq/10wIR399uhGTWtYcYneTXbfe3p2RO/NR0MPrLkIyOaE9DCEPXihAm+72epLtXaplitwfJ/wkmj88dg==",
      "requires": {
        "mime": ">= 0.0.0"
      }
    },
    "FileReader": {
      "version": "0.10.2",
      "resolved": "https://rrtv-npm.pkg.coding.net/ironman/rr-vue2-elem/__tarballs/FileReader/0.10.2/__path/FileReader/-/FileReader-0.10.2/1b117bdb6b5ed85e241ac3cb10f1b7086524e539.tgz",
      "integrity": "sha512-O0K+5KRnDBFNogBPtV5hWjyJSQOoB2j3ZLbre1pBjCdE9CNpeIUPI8IX3G7eafIZ/HsllbGaIucEbt2qL+EX0g=="
    },
    "FormData": {
      "version": "0.10.1",
      "resolved": "https://rrtv-npm.pkg.coding.net/ironman/rr-vue2-elem/__tarballs/FormData/0.10.1/__path/FormData/-/FormData-0.10.1/806853e89fdc03bbb1c620a5184ac5e47b341d00.tgz",
      "integrity": "sha512-Win+aXiahTJE/uwQWcq7BaLRdqOjNlDiWq2RkGvywkUluz8uejQrUPfmuXJJ6+4kaoH0r4S7Y+J6R/PGcNyp5w==",
      "requires": {
        "File": ">= 0.0.0",
        "FileReader": ">= 0.0.0",
        "bufferjs": ">= 0.0.0",
        "forEachAsync": ">= 2.0.0",
        "remedial": ">= 0.0.0"
      }
    },
    "accepts": {
      "version": "1.3.8",
      "resolved": "https://rrtv-npm.pkg.coding.net/ironman/rr-vue2-elem/accepts/-/accepts-1.3.8/0bf0be125b67014adcb0b0921e62db7bffe16b2e.tgz",
      "integrity": "sha512-PYAthTa2m2VKxuvSD3DPC/Gy+U+sOA1LAuT8mkmRuvw+NACSaeXEQ+NHcVF7rONl6qcaxV3Uuemwawk+7+SJLw==",
      "requires": {
        "mime-types": "~2.1.34",
        "negotiator": "0.6.3"
      }
    },
    "ajv": {
      "version": "6.12.6",
      "resolved": "https://rrtv-npm.pkg.coding.net/ironman/rr-vue2-elem/ajv/-/ajv-6.12.6/baf5a62e802b07d977034586f8c3baf5adf26df4.tgz",
      "integrity": "sha512-j3fVLgvTo527anyYyJOGTYJbG+vnnQYvE0m5mmkc1TK+nxAppkCLMIL0aZ4dblVCNoGShhm+kzE4ZUykBoMg4g==",
      "requires": {
        "fast-deep-equal": "^3.1.1",
        "fast-json-stable-stringify": "^2.0.0",
        "json-schema-traverse": "^0.4.1",
        "uri-js": "^4.2.2"
      }
    },
    "asn1": {
      "version": "0.2.6",
      "resolved": "https://rrtv-npm.pkg.coding.net/ironman/rr-vue2-elem/asn1/-/asn1-0.2.6/0d3a7bb6e64e02a90c0303b31f292868ea09a08d.tgz",
      "integrity": "sha512-ix/FxPn0MDjeyJ7i/yoHGFt/EX6LyNbxSEhPPXODPL+KB0VPk86UYfL0lMdy+KCnv+fmvIzySwaK5COwqVbWTQ==",
      "requires": {
        "safer-buffer": "~2.1.0"
      }
    },
    "assert-plus": {
      "version": "1.0.0",
      "resolved": "https://rrtv-npm.pkg.coding.net/ironman/rr-vue2-elem/assert-plus/-/assert-plus-1.0.0/f12e0f3c5d77b0b1cdd9146942e4e96c1e4dd525.tgz",
      "integrity": "sha1-8S4PPF13sLHN2RRpQuTpbB5N1SU="
    },
    "asynckit": {
      "version": "0.4.0",
      "resolved": "https://rrtv-npm.pkg.coding.net/ironman/rr-vue2-elem/asynckit/-/asynckit-0.4.0/c79ed97f7f34cb8f2ba1bc9790bcc366474b4b79.tgz",
      "integrity": "sha1-x57Zf380y48robyXkLzDZkdLS3k="
    },
    "aws-sign2": {
      "version": "0.7.0",
      "resolved": "https://rrtv-npm.pkg.coding.net/ironman/rr-vue2-elem/aws-sign2/-/aws-sign2-0.7.0/b46e890934a9591f2d2f6f86d7e6a9f1b3fe76a8.tgz",
      "integrity": "sha1-tG6JCTSpWR8tL2+G1+ap8bP+dqg="
    },
    "aws4": {
      "version": "1.11.0",
      "resolved": "https://rrtv-npm.pkg.coding.net/ironman/rr-vue2-elem/aws4/-/aws4-1.11.0/d61f46d83b2519250e2784daf5b09479a8b41c59.tgz",
      "integrity": "sha512-xh1Rl34h6Fi1DC2WWKfxUTVqRsNnr6LsKz2+hfwDxQJWmrx8+c7ylaqBMcHfl1U1r2dsifOvKX3LQuLNZ+XSvA=="
    },
    "axios": {
      "version": "0.27.2",
      "resolved": "https://rrtv-npm.pkg.coding.net/ironman/rr-vue2-elem/__tarballs/axios/0.27.2/__path/axios/-/axios-0.27.2/207658cc8621606e586c85db4b41a750e756d972.tgz",
      "integrity": "sha512-t+yRIyySRTp/wua5xEr+z1q60QmLq8ABsS5O9Me1AsE5dfKqgnCFzwiCZZ/cGNd1lq4/7akDWMxdhVlucjmnOQ==",
      "requires": {
        "follow-redirects": "^1.14.9",
        "form-data": "^4.0.0"
      },
      "dependencies": {
        "form-data": {
          "version": "4.0.0",
          "resolved": "https://rrtv-npm.pkg.coding.net/ironman/rr-vue2-elem/__tarballs/form-data/4.0.0/__path/form-data/-/form-data-4.0.0/93919daeaf361ee529584b9b31664dc12c9fa452.tgz",
          "integrity": "sha512-ETEklSGi5t0QMZuiXoA/Q6vcnxcLQP5vdugSpuAyi6SVGi2clPPp+xgEhuMaHC+zGgn31Kd235W35f7Hykkaww==",
          "requires": {
            "asynckit": "^0.4.0",
            "combined-stream": "^1.0.8",
            "mime-types": "^2.1.12"
          }
        }
      }
    },
    "bcrypt-pbkdf": {
      "version": "1.0.2",
      "resolved": "https://rrtv-npm.pkg.coding.net/ironman/rr-vue2-elem/bcrypt-pbkdf/-/bcrypt-pbkdf-1.0.2/a4301d389b6a43f9b67ff3ca11a3f6637e360e9e.tgz",
      "integrity": "sha1-pDAdOJtqQ/m2f/PKEaP2Y342Dp4=",
      "requires": {
        "tweetnacl": "^0.14.3"
      }
    },
    "bufferjs": {
      "version": "3.0.1",
      "resolved": "https://rrtv-npm.pkg.coding.net/ironman/rr-vue2-elem/__tarballs/bufferjs/3.0.1/__path/bufferjs/-/bufferjs-3.0.1/0692e829cb10a10550e647390b035eb06c38e8ef.tgz",
      "integrity": "sha512-qrCIGPcd9ODawCNyqR2o55zgaC/r7XHZ7oUh2s99uk+NVBS3SjIHigxS1S2KXpt8wsoQxAN55iPi8GIH8TGMRg=="
    },
    "cache-content-type": {
      "version": "1.0.1",
      "resolved": "https://rrtv-npm.pkg.coding.net/ironman/rr-vue2-elem/cache-content-type/-/cache-content-type-1.0.1/035cde2b08ee2129f4a8315ea8f00a00dba1453c.tgz",
      "integrity": "sha512-IKufZ1o4Ut42YUrZSo8+qnMTrFuKkvyoLXUywKz9GJ5BrhOFGhLdkx9sG4KAnVvbY6kEcSFjLQul+DVmBm2bgA==",
      "requires": {
        "mime-types": "^2.1.18",
        "ylru": "^1.2.0"
      }
    },
    "caseless": {
      "version": "0.12.0",
      "resolved": "https://rrtv-npm.pkg.coding.net/ironman/rr-vue2-elem/caseless/-/caseless-0.12.0/1b681c21ff84033c826543090689420d187151dc.tgz",
      "integrity": "sha1-G2gcIf+EAzyCZUMJBolCDRhxUdw="
    },
    "co": {
      "version": "4.6.0",
      "resolved": "https://rrtv-npm.pkg.coding.net/ironman/rr-vue2-elem/co/-/co-4.6.0/6ea6bdf3d853ae54ccb8e47bfa0bf3f9031fb184.tgz",
      "integrity": "sha1-bqa989hTrlTMuOR7+gvz+QMfsYQ="
    },
    "combined-stream": {
      "version": "1.0.8",
      "resolved": "https://rrtv-npm.pkg.coding.net/ironman/rr-vue2-elem/combined-stream/-/combined-stream-1.0.8/c3d45a8b34fd730631a110a8a2520682b31d5a7f.tgz",
      "integrity": "sha512-FQN4MRfuJeHf7cBbBMJFXhKSDq+2kAArBlmRBvcvFE5BB1HZKXtSFASDhdlz9zOYwxh8lDdnvmMOe/+5cdoEdg==",
      "requires": {
        "delayed-stream": "~1.0.0"
      }
    },
    "content-disposition": {
      "version": "0.5.4",
      "resolved": "https://rrtv-npm.pkg.coding.net/ironman/rr-vue2-elem/content-disposition/-/content-disposition-0.5.4/8b82b4efac82512a02bb0b1dcec9d2c5e8eb5bfe.tgz",
      "integrity": "sha512-FveZTNuGw04cxlAiWbzi6zTAL/lhehaWbTtgluJh4/E95DqMwTmha3KZN1aAWA8cFIhHzMZUvLevkw5Rqk+tSQ==",
      "requires": {
        "safe-buffer": "5.2.1"
      }
    },
    "content-type": {
      "version": "1.0.4",
      "resolved": "https://rrtv-npm.pkg.coding.net/ironman/rr-vue2-elem/content-type/-/content-type-1.0.4/e138cc75e040c727b1966fe5e5f8c9aee256fe3b.tgz",
      "integrity": "sha512-hIP3EEPs8tB9AT1L+NUqtwOAps4mk2Zob89MWXMHjHWg9milF/j4osnnQLXBCBFBk/tvIG/tUc9mOUJiPBhPXA=="
    },
    "cookies": {
      "version": "0.8.0",
      "resolved": "https://rrtv-npm.pkg.coding.net/ironman/rr-vue2-elem/__tarballs/cookies/0.8.0/__path/cookies/-/cookies-0.8.0/1293ce4b391740a8406e3c9870e828c4b54f3f90.tgz",
      "integrity": "sha512-8aPsApQfebXnuI+537McwYsDtjVxGm8gTIzQI3FDW6t5t/DAhERxtnbEPN/8RX+uZthoz4eCOgloXaE5cYyNow==",
      "requires": {
        "depd": "~2.0.0",
        "keygrip": "~1.1.0"
      }
    },
    "core-util-is": {
      "version": "1.0.2",
      "resolved": "https://rrtv-npm.pkg.coding.net/ironman/rr-vue2-elem/core-util-is/-/core-util-is-1.0.2/b5fd54220aa2bc5ab57aab7140c940754503c1a7.tgz",
      "integrity": "sha1-tf1UIgqivFq1eqtxQMlAdUUDwac="
    },
    "dashdash": {
      "version": "1.14.1",
      "resolved": "https://rrtv-npm.pkg.coding.net/ironman/rr-vue2-elem/dashdash/-/dashdash-1.14.1/853cfa0f7cbe2fed5de20326b8dd581035f6e2f0.tgz",
      "integrity": "sha1-hTz6D3y+L+1d4gMmuN1YEDX24vA=",
      "requires": {
        "assert-plus": "^1.0.0"
      }
    },
    "debug": {
      "version": "4.3.4",
      "resolved": "https://rrtv-npm.pkg.coding.net/ironman/rr-vue2-elem/debug/-/debug-4.3.4/1319f6579357f2338d3337d2cdd4914bb5dcc865.tgz",
      "integrity": "sha512-PRWFHuSU3eDtQJPvnNY7Jcket1j0t5OuOsFzPPzsekD52Zl8qUfFIPEiswXqIvHWGVHOgX+7G/vCNNhehwxfkQ==",
      "requires": {
        "ms": "2.1.2"
      }
    },
    "deep-equal": {
      "version": "1.0.1",
      "resolved": "https://rrtv-npm.pkg.coding.net/ironman/rr-vue2-elem/deep-equal/-/deep-equal-1.0.1/f5d260292b660e084eff4cdbc9f08ad3247448b5.tgz",
      "integrity": "sha1-9dJgKStmDghO/0zbyfCK0yR0SLU="
    },
    "define-lazy-prop": {
      "version": "2.0.0",
      "resolved": "https://rrtv-npm.pkg.coding.net/ironman/rr-vue2-elem/__tarballs/define-lazy-prop/2.0.0/__path/define-lazy-prop/-/define-lazy-prop-2.0.0/3f7ae421129bcaaac9bc74905c98a0009ec9ee7f.tgz",
      "integrity": "sha512-Ds09qNh8yw3khSjiJjiUInaGX9xlqZDY7JVryGxdxV7NPeuqQfplOpQ66yJFZut3jLa5zOwkXw1g9EI2uKh4Og=="
    },
    "delayed-stream": {
      "version": "1.0.0",
      "resolved": "https://rrtv-npm.pkg.coding.net/ironman/rr-vue2-elem/delayed-stream/-/delayed-stream-1.0.0/df3ae199acadfb7d440aaae0b29e2272b24ec619.tgz",
      "integrity": "sha1-3zrhmayt+31ECqrgsp4icrJOxhk="
    },
    "delegates": {
      "version": "1.0.0",
      "resolved": "https://rrtv-npm.pkg.coding.net/ironman/rr-vue2-elem/delegates/-/delegates-1.0.0/84c6e159b81904fdca59a0ef44cd870d31250f9a.tgz",
      "integrity": "sha1-hMbhWbgZBP3KWaDvRM2HDTElD5o="
    },
    "depd": {
      "version": "2.0.0",
      "resolved": "https://rrtv-npm.pkg.coding.net/ironman/rr-vue2-elem/depd/-/depd-2.0.0/b696163cc757560d09cf22cc8fad1571b79e76df.tgz",
      "integrity": "sha512-g7nH6P6dyDioJogAAGprGpCtVImJhpPk/roCzdb3fIh61/s/nPsfR6onyMwkCAR/OlC3yBC0lESvUoQEAssIrw=="
    },
    "destroy": {
      "version": "1.2.0",
      "resolved": "https://rrtv-npm.pkg.coding.net/ironman/rr-vue2-elem/destroy/-/destroy-1.2.0/4803735509ad8be552934c67df614f94e66fa015.tgz",
      "integrity": "sha512-2sJGJTaXIIaR1w4iJSNoN0hnMY7Gpc/n8D4qSCJw8QqFWXf7cuAgnEHxBpweaVcPevC2l3KpjYCx3NypQQgaJg=="
    },
    "ecc-jsbn": {
      "version": "0.1.2",
      "resolved": "https://rrtv-npm.pkg.coding.net/ironman/rr-vue2-elem/ecc-jsbn/-/ecc-jsbn-0.1.2/3a83a904e54353287874c564b7549386849a98c9.tgz",
      "integrity": "sha1-OoOpBOVDUyh4dMVkt1SThoSamMk=",
      "requires": {
        "jsbn": "~0.1.0",
        "safer-buffer": "^2.1.0"
      }
    },
    "ee-first": {
      "version": "1.1.1",
      "resolved": "https://rrtv-npm.pkg.coding.net/ironman/rr-vue2-elem/ee-first/-/ee-first-1.1.1/590c61156b0ae2f4f0255732a158b266bc56b21d.tgz",
      "integrity": "sha1-WQxhFWsK4vTwJVcyoViyZrxWsh0="
    },
    "encodeurl": {
      "version": "1.0.2",
      "resolved": "https://rrtv-npm.pkg.coding.net/ironman/rr-vue2-elem/encodeurl/-/encodeurl-1.0.2/ad3ff4c86ec2d029322f5a02c3a9a606c95b3f59.tgz",
      "integrity": "sha1-rT/0yG7C0CkyL1oCw6mmBslbP1k="
    },
    "escape-html": {
      "version": "1.0.3",
      "resolved": "https://rrtv-npm.pkg.coding.net/ironman/rr-vue2-elem/escape-html/-/escape-html-1.0.3/0258eae4d3d0c0974de1c169188ef0051d1d1988.tgz",
      "integrity": "sha1-Aljq5NPQwJdN4cFpGI7wBR0dGYg="
    },
    "extend": {
      "version": "3.0.2",
      "resolved": "https://rrtv-npm.pkg.coding.net/ironman/rr-vue2-elem/extend/-/extend-3.0.2/f8b1136b4071fbd8eb140aff858b1019ec2915fa.tgz",
      "integrity": "sha512-fjquC59cD7CyW6urNXK0FBufkZcoiGG80wTuPujX590cB5Ttln20E2UB4S/WARVqhXffZl2LNgS+gQdPIIim/g=="
    },
    "extsprintf": {
      "version": "1.3.0",
      "resolved": "https://rrtv-npm.pkg.coding.net/ironman/rr-vue2-elem/extsprintf/-/extsprintf-1.3.0/96918440e3041a7a414f8c52e3c574eb3c3e1e05.tgz",
      "integrity": "sha1-lpGEQOMEGnpBT4xS48V06zw+HgU="
    },
    "fast-deep-equal": {
      "version": "3.1.3",
      "resolved": "https://rrtv-npm.pkg.coding.net/ironman/rr-vue2-elem/fast-deep-equal/-/fast-deep-equal-3.1.3/3a7d56b559d6cbc3eb512325244e619a65c6c525.tgz",
      "integrity": "sha512-f3qQ9oQy9j2AhBe/H9VC91wLmKBCCU/gDOnKNAYG5hswO7BLKj09Hc5HYNz9cGI++xlpDCIgDaitVs03ATR84Q=="
    },
    "fast-json-stable-stringify": {
      "version": "2.1.0",
      "resolved": "https://rrtv-npm.pkg.coding.net/ironman/rr-vue2-elem/fast-json-stable-stringify/-/fast-json-stable-stringify-2.1.0/874bf69c6f404c2b5d99c481341399fd55892633.tgz",
      "integrity": "sha512-lhd/wF+Lk98HZoTCtlVraHtfh5XYijIjalXck7saUtuanSDyLMxnHhSXEDJqHxD7msR8D0uCmqlkwjCV8xvwHw=="
    },
    "follow-redirects": {
      "version": "1.15.2",
      "resolved": "https://rrtv-npm.pkg.coding.net/ironman/rr-vue2-elem/follow-redirects/-/follow-redirects-1.15.2/b460864144ba63f2681096f274c4e57026da2c13.tgz",
      "integrity": "sha512-VQLG33o04KaQ8uYi2tVNbdrWp1QWxNNea+nmIB4EVM28v0hmP17z7aG1+wAkNzVq4KeXTq3221ye5qTJP91JwA=="
    },
    "forEachAsync": {
      "version": "3.0.0",
      "resolved": "https://rrtv-npm.pkg.coding.net/ironman/rr-vue2-elem/__tarballs/forEachAsync/3.0.0/__path/forEachAsync/-/forEachAsync-3.0.0/3475a95a77e4dc2d2800913e6824de77b00cd80a.tgz",
      "integrity": "sha512-a6qFIJll2VuqpWNRvJfgT7pGgobR89qnARafcCkGg6q1BCWrowc3WvRoYidxtFWRwaeUpk+5kiKZtdlRLwSufQ=="
    },
    "forever-agent": {
      "version": "0.6.1",
      "resolved": "https://rrtv-npm.pkg.coding.net/ironman/rr-vue2-elem/forever-agent/-/forever-agent-0.6.1/fbc71f0c41adeb37f96c577ad1ed42d8fdacca91.tgz",
      "integrity": "sha1-+8cfDEGt6zf5bFd60e1C2P2sypE="
    },
    "form-data": {
      "version": "4.0.0",
      "resolved": "https://rrtv-npm.pkg.coding.net/ironman/rr-vue2-elem/__tarballs/form-data/4.0.0/__path/form-data/-/form-data-4.0.0/93919daeaf361ee529584b9b31664dc12c9fa452.tgz",
      "integrity": "sha512-ETEklSGi5t0QMZuiXoA/Q6vcnxcLQP5vdugSpuAyi6SVGi2clPPp+xgEhuMaHC+zGgn31Kd235W35f7Hykkaww==",
      "requires": {
        "asynckit": "^0.4.0",
        "combined-stream": "^1.0.8",
        "mime-types": "^2.1.12"
      }
    },
    "formdata-node": {
      "version": "5.0.0",
      "resolved": "https://rrtv-npm.pkg.coding.net/ironman/rr-vue2-elem/__tarballs/formdata-node/5.0.0/__path/formdata-node/-/formdata-node-5.0.0/7b4d23f8d823b88d29130366f33ff9ac58dfa7fe.tgz",
      "integrity": "sha512-zrGsVVS56jJo+htsVv7ffXuzie91a2NrU1cPamvtPaSyRX++SH+4KXlGoOt+ncgDJ4bFA2SAQ+QGA+p4l1vciw==",
      "requires": {
        "node-domexception": "1.0.0",
        "web-streams-polyfill": "4.0.0-beta.3"
      }
    },
    "fresh": {
      "version": "0.5.2",
      "resolved": "https://rrtv-npm.pkg.coding.net/ironman/rr-vue2-elem/fresh/-/fresh-0.5.2/3d8cadd90d976569fa835ab1f8e4b23a105605a7.tgz",
      "integrity": "sha1-PYyt2Q2XZWn6g1qx+OSyOhBWBac="
    },
    "getpass": {
      "version": "0.1.7",
      "resolved": "https://rrtv-npm.pkg.coding.net/ironman/rr-vue2-elem/getpass/-/getpass-0.1.7/5eff8e3e684d569ae4cb2b1282604e8ba62149fa.tgz",
      "integrity": "sha1-Xv+OPmhNVprkyysSgmBOi6YhSfo=",
      "requires": {
        "assert-plus": "^1.0.0"
      }
    },
    "har-schema": {
      "version": "2.0.0",
      "resolved": "https://rrtv-npm.pkg.coding.net/ironman/rr-vue2-elem/har-schema/-/har-schema-2.0.0/a94c2224ebcac04782a0d9035521f24735b7ec92.tgz",
      "integrity": "sha1-qUwiJOvKwEeCoNkDVSHyRzW37JI="
    },
    "har-validator": {
      "version": "5.1.5",
      "resolved": "https://rrtv-npm.pkg.coding.net/ironman/rr-vue2-elem/har-validator/-/har-validator-5.1.5/1f0803b9f8cb20c0fa13822df1ecddb36bde1efd.tgz",
      "integrity": "sha512-nmT2T0lljbxdQZfspsno9hgrG3Uir6Ks5afism62poxqBM6sDnMEuPmzTq8XN0OEwqKLLdh1jQI3qyE66Nzb3w==",
      "requires": {
        "ajv": "^6.12.3",
        "har-schema": "^2.0.0"
      }
    },
    "has-symbols": {
      "version": "1.0.3",
      "resolved": "https://rrtv-npm.pkg.coding.net/ironman/rr-vue2-elem/has-symbols/-/has-symbols-1.0.3/bb7b2c4349251dce87b125f7bdf874aa7c8b39f8.tgz",
      "integrity": "sha512-l3LCuF6MgDNwTDKkdYGEihYjt5pRPbEg46rtlmnSPlUbgmB8LOIrKJbYYFBSbnPaJexMKtiPO8hmeRjRz2Td+A=="
    },
    "has-tostringtag": {
      "version": "1.0.0",
      "resolved": "https://rrtv-npm.pkg.coding.net/ironman/rr-vue2-elem/has-tostringtag/-/has-tostringtag-1.0.0/7e133818a7d394734f941e73c3d3f9291e658b25.tgz",
      "integrity": "sha512-kFjcSNhnlGV1kyoGk7OXKSawH5JOb/LzUc5w9B02hOTO0dfFRjbHQKvg1d6cf3HbeUmtU9VbbV3qzZ2Teh97WQ==",
      "requires": {
        "has-symbols": "^1.0.2"
      }
    },
    "http-assert": {
      "version": "1.5.0",
      "resolved": "https://rrtv-npm.pkg.coding.net/ironman/rr-vue2-elem/__tarballs/http-assert/1.5.0/__path/http-assert/-/http-assert-1.5.0/c389ccd87ac16ed2dfa6246fd73b926aa00e6b8f.tgz",
      "integrity": "sha512-uPpH7OKX4H25hBmU6G1jWNaqJGpTXxey+YOUizJUAgu0AjLUeC8D73hTrhvDS5D+GJN1DN1+hhc/eF/wpxtp0w==",
      "requires": {
        "deep-equal": "~1.0.1",
        "http-errors": "~1.8.0"
      }
    },
    "http-errors": {
      "version": "1.8.1",
      "resolved": "https://rrtv-npm.pkg.coding.net/ironman/rr-vue2-elem/__tarballs/http-errors/1.8.1/__path/http-errors/-/http-errors-1.8.1/7c3f28577cbc8a207388455dbd62295ed07bd68c.tgz",
      "integrity": "sha512-Kpk9Sm7NmI+RHhnj6OIWDI1d6fIoFAtFt9RLaTMRlg/8w49juAStsrBgp0Dp4OdxdVbRIeKhtCUvoi/RuAhO4g==",
      "requires": {
        "depd": "~1.1.2",
        "inherits": "2.0.4",
        "setprototypeof": "1.2.0",
        "statuses": ">= 1.5.0 < 2",
        "toidentifier": "1.0.1"
      },
      "dependencies": {
        "depd": {
          "version": "1.1.2",
          "resolved": "https://rrtv-npm.pkg.coding.net/ironman/rr-vue2-elem/depd/-/depd-1.1.2/9bcd52e14c097763e749b274c4346ed2e560b5a9.tgz",
          "integrity": "sha1-m81S4UwJd2PnSbJ0xDRu0uVgtak="
        }
      }
    },
    "http-signature": {
      "version": "1.2.0",
      "resolved": "https://rrtv-npm.pkg.coding.net/ironman/rr-vue2-elem/http-signature/-/http-signature-1.2.0/9aecd925114772f3d95b65a60abb8f7c18fbace1.tgz",
      "integrity": "sha1-muzZJRFHcvPZW2WmCruPfBj7rOE=",
      "requires": {
        "assert-plus": "^1.0.0",
        "jsprim": "^1.2.2",
        "sshpk": "^1.7.0"
      }
    },
    "inherits": {
      "version": "2.0.4",
      "resolved": "https://rrtv-npm.pkg.coding.net/ironman/rr-vue2-elem/inherits/-/inherits-2.0.4/0fa2c64f932917c3433a0ded55363aae37416b7c.tgz",
      "integrity": "sha512-k/vGaX4/Yla3WzyMCvTQOXYeIHvqOKtnqBduzTHpzpQZzAskKMhZ2K+EnBiSM9zGSoIFeMpXKxa4dYeZIQqewQ=="
    },
    "is-docker": {
      "version": "2.2.1",
      "resolved": "https://rrtv-npm.pkg.coding.net/ironman/rr-vue2-elem/is-docker/-/is-docker-2.2.1/33eeabe23cfe86f14bde4408a02c0cfb853acdaa.tgz",
      "integrity": "sha512-F+i2BKsFrH66iaUFc0woD8sLy8getkwTwtOBjvs56Cx4CgJDeKQeqfz8wAYiSb8JOprWhHH5p77PbmYCvvUuXQ=="
    },
    "is-generator-function": {
      "version": "1.0.10",
      "resolved": "https://rrtv-npm.pkg.coding.net/ironman/rr-vue2-elem/__tarballs/is-generator-function/1.0.10/__path/is-generator-function/-/is-generator-function-1.0.10/f1558baf1ac17e0deea7c0415c438351ff2b3c72.tgz",
      "integrity": "sha512-jsEjy9l3yiXEQ+PsXdmBwEPcOxaXWLspKdplFUVI9vq1iZgIekeC0L167qeu86czQaxed3q/Uzuw0swL0irL8A==",
      "requires": {
        "has-tostringtag": "^1.0.0"
      }
    },
    "is-typedarray": {
      "version": "1.0.0",
      "resolved": "https://rrtv-npm.pkg.coding.net/ironman/rr-vue2-elem/is-typedarray/-/is-typedarray-1.0.0/e479c80858df0c1b11ddda6940f96011fcda4a9a.tgz",
      "integrity": "sha1-5HnICFjfDBsR3dppQPlgEfzaSpo="
    },
    "is-wsl": {
      "version": "2.2.0",
      "resolved": "https://rrtv-npm.pkg.coding.net/ironman/rr-vue2-elem/is-wsl/-/is-wsl-2.2.0/74a4c76e77ca9fd3f932f290c17ea326cd157271.tgz",
      "integrity": "sha512-fKzAra0rGJUUBwGBgNkHZuToZcn+TtXHpeCgmkMJMMYx1sQDYaCSyjJBSCa2nH1DGm7s3n1oBnohoVTBaN7Lww==",
      "requires": {
        "is-docker": "^2.0.0"
      }
    },
    "isstream": {
      "version": "0.1.2",
      "resolved": "https://rrtv-npm.pkg.coding.net/ironman/rr-vue2-elem/isstream/-/isstream-0.1.2/47e63f7af55afa6f92e1500e690eb8b8529c099a.tgz",
      "integrity": "sha1-R+Y/evVa+m+S4VAOaQ64uFKcCZo="
    },
    "jsbn": {
      "version": "0.1.1",
      "resolved": "https://rrtv-npm.pkg.coding.net/ironman/rr-vue2-elem/jsbn/-/jsbn-0.1.1/a5e654c2e5a2deb5f201d96cefbca80c0ef2f513.tgz",
      "integrity": "sha1-peZUwuWi3rXyAdls77yoDA7y9RM="
    },
    "json-schema": {
      "version": "0.4.0",
      "resolved": "https://rrtv-npm.pkg.coding.net/ironman/rr-vue2-elem/json-schema/-/json-schema-0.4.0/f7de4cf6efab838ebaeb3236474cbba5a1930ab5.tgz",
      "integrity": "sha512-es94M3nTIfsEPisRafak+HDLfHXnKBhV3vU5eqPcS3flIWqcxJWgXHXiey3YrpaNsanY5ei1VoYEbOzijuq9BA=="
    },
    "json-schema-traverse": {
      "version": "0.4.1",
      "resolved": "https://rrtv-npm.pkg.coding.net/ironman/rr-vue2-elem/json-schema-traverse/-/json-schema-traverse-0.4.1/69f6a87d9513ab8bb8fe63bdb0979c448e684660.tgz",
      "integrity": "sha512-xbbCH5dCYU5T8LcEhhuh7HJ88HXuW3qsI3Y0zOZFKfZEHcpWiHU/Jxzk629Brsab/mMiHQti9wMP+845RPe3Vg=="
    },
    "json-stringify-safe": {
      "version": "5.0.1",
      "resolved": "https://rrtv-npm.pkg.coding.net/ironman/rr-vue2-elem/json-stringify-safe/-/json-stringify-safe-5.0.1/1296a2d58fd45f19a0f6ce01d65701e2c735b6eb.tgz",
      "integrity": "sha1-Epai1Y/UXxmg9s4B1lcB4sc1tus="
    },
    "jsprim": {
      "version": "1.4.2",
      "resolved": "https://rrtv-npm.pkg.coding.net/ironman/rr-vue2-elem/jsprim/-/jsprim-1.4.2/712c65533a15c878ba59e9ed5f0e26d5b77c5feb.tgz",
      "integrity": "sha512-P2bSOMAc/ciLz6DzgjVlGJP9+BrJWu5UDGK70C2iweC5QBIeFf0ZXRvGjEj2uYgrY2MkAAhsSWHDWlFtEroZWw==",
      "requires": {
        "assert-plus": "1.0.0",
        "extsprintf": "1.3.0",
        "json-schema": "0.4.0",
        "verror": "1.10.0"
      }
    },
    "keygrip": {
      "version": "1.1.0",
      "resolved": "https://rrtv-npm.pkg.coding.net/ironman/rr-vue2-elem/__tarballs/keygrip/1.1.0/__path/keygrip/-/keygrip-1.1.0/871b1681d5e159c62a445b0c74b615e0917e7226.tgz",
      "integrity": "sha512-iYSchDJ+liQ8iwbSI2QqsQOvqv58eJCEanyJPJi+Khyu8smkcKSFUCbPwzFcL7YVtZ6eONjqRX/38caJ7QjRAQ==",
      "requires": {
        "tsscmp": "1.0.6"
      }
    },
    "koa": {
      "version": "2.13.4",
      "resolved": "https://rrtv-npm.pkg.coding.net/ironman/rr-vue2-elem/__tarballs/koa/2.13.4/__path/koa/-/koa-2.13.4/ee5b0cb39e0b8069c38d115139c774833d32462e.tgz",
      "integrity": "sha512-43zkIKubNbnrULWlHdN5h1g3SEKXOEzoAlRsHOTFpnlDu8JlAOZSMJBLULusuXRequboiwJcj5vtYXKB3k7+2g==",
      "requires": {
        "accepts": "^1.3.5",
        "cache-content-type": "^1.0.0",
        "content-disposition": "~0.5.2",
        "content-type": "^1.0.4",
        "cookies": "~0.8.0",
        "debug": "^4.3.2",
        "delegates": "^1.0.0",
        "depd": "^2.0.0",
        "destroy": "^1.0.4",
        "encodeurl": "^1.0.2",
        "escape-html": "^1.0.3",
        "fresh": "~0.5.2",
        "http-assert": "^1.3.0",
        "http-errors": "^1.6.3",
        "is-generator-function": "^1.0.7",
        "koa-compose": "^4.1.0",
        "koa-convert": "^2.0.0",
        "on-finished": "^2.3.0",
        "only": "~0.0.2",
        "parseurl": "^1.3.2",
        "statuses": "^1.5.0",
        "type-is": "^1.6.16",
        "vary": "^1.1.2"
      }
    },
    "koa-compose": {
      "version": "4.1.0",
      "resolved": "https://rrtv-npm.pkg.coding.net/ironman/rr-vue2-elem/__tarballs/koa-compose/4.1.0/__path/koa-compose/-/koa-compose-4.1.0/507306b9371901db41121c812e923d0d67d3e877.tgz",
      "integrity": "sha512-8ODW8TrDuMYvXRwra/Kh7/rJo9BtOfPc6qO8eAfC80CnCvSjSl0bkRM24X6/XBBEyj0v1nRUQ1LyOy3dbqOWXw=="
    },
    "koa-convert": {
      "version": "2.0.0",
      "resolved": "https://rrtv-npm.pkg.coding.net/ironman/rr-vue2-elem/__tarballs/koa-convert/2.0.0/__path/koa-convert/-/koa-convert-2.0.0/86a0c44d81d40551bae22fee6709904573eea4f5.tgz",
      "integrity": "sha512-asOvN6bFlSnxewce2e/DK3p4tltyfC4VM7ZwuTuepI7dEQVcvpyFuBcEARu1+Hxg8DIwytce2n7jrZtRlPrARA==",
      "requires": {
        "co": "^4.6.0",
        "koa-compose": "^4.1.0"
      }
    },
    "koa-router": {
      "version": "12.0.0",
      "resolved": "https://rrtv-npm.pkg.coding.net/ironman/rr-vue2-elem/__tarballs/koa-router/12.0.0/__path/koa-router/-/koa-router-12.0.0/94276df8c7aef424b86728b0ff4a69de50050dbc.tgz",
      "integrity": "sha512-zGrdiXygGYW8WvrzeGsHZvKnHs4DzyGoqJ9a8iHlRkiwuEAOAPyI27//OlhoWdgFAEIM3qbUgr0KCuRaP/TCag==",
      "requires": {
        "http-errors": "^2.0.0",
        "koa-compose": "^4.1.0",
        "methods": "^1.1.2",
        "path-to-regexp": "^6.2.1"
      },
      "dependencies": {
        "http-errors": {
          "version": "2.0.0",
          "resolved": "https://rrtv-npm.pkg.coding.net/ironman/rr-vue2-elem/http-errors/-/http-errors-2.0.0/b7774a1486ef73cf7667ac9ae0858c012c57b9d3.tgz",
          "integrity": "sha512-FtwrG/euBzaEjYeRqOgly7G0qviiXoJWnvEH2Z1plBdXgbyjv34pHTSb9zoeHMyDy33+DWy5Wt9Wo+TURtOYSQ==",
          "requires": {
            "depd": "2.0.0",
            "inherits": "2.0.4",
            "setprototypeof": "1.2.0",
            "statuses": "2.0.1",
            "toidentifier": "1.0.1"
          }
        },
        "statuses": {
          "version": "2.0.1",
          "resolved": "https://rrtv-npm.pkg.coding.net/ironman/rr-vue2-elem/statuses/-/statuses-2.0.1/55cb000ccf1d48728bd23c685a063998cf1a1b63.tgz",
          "integrity": "sha512-RwNA9Z/7PrK06rYLIzFMlaF+l73iwpzsqRIFgbMLbTcLD6cOao82TaWefPXQvB2fOC4AjuYSEndS7N/mTCbkdQ=="
        }
      }
    },
    "media-typer": {
      "version": "0.3.0",
      "resolved": "https://rrtv-npm.pkg.coding.net/ironman/rr-vue2-elem/media-typer/-/media-typer-0.3.0/8710d7af0aa626f8fffa1ce00168545263255748.tgz",
      "integrity": "sha1-hxDXrwqmJvj/+hzgAWhUUmMlV0g="
    },
    "methods": {
      "version": "1.1.2",
      "resolved": "https://rrtv-npm.pkg.coding.net/ironman/rr-vue2-elem/methods/-/methods-1.1.2/5529a4d67654134edcc5266656835b0f851afcee.tgz",
      "integrity": "sha1-VSmk1nZUE07cxSZmVoNbD4Ua/O4="
    },
    "mime": {
      "version": "3.0.0",
      "resolved": "https://rrtv-npm.pkg.coding.net/ironman/rr-vue2-elem/mime/-/mime-3.0.0/b374550dca3a0c18443b0c950a6a58f1931cf7a7.tgz",
      "integrity": "sha512-jSCU7/VB1loIWBZe14aEYHU/+1UMEHoaO7qxCOVJOw9GgH72VAWppxNcjU+x9a2k3GSIBXNKxXQFqRvvZ7vr3A=="
    },
    "mime-db": {
      "version": "1.52.0",
      "resolved": "https://rrtv-npm.pkg.coding.net/ironman/rr-vue2-elem/mime-db/-/mime-db-1.52.0/bbabcdc02859f4987301c856e3387ce5ec43bf70.tgz",
      "integrity": "sha512-sPU4uV7dYlvtWJxwwxHD0PuihVNiE7TyAbQ5SWxDCB9mUYvOgroQOwYQQOKPJ8CIbE+1ETVlOoK1UC2nU3gYvg=="
    },
    "mime-types": {
      "version": "2.1.35",
      "resolved": "https://rrtv-npm.pkg.coding.net/ironman/rr-vue2-elem/mime-types/-/mime-types-2.1.35/381a871b62a734450660ae3deee44813f70d959a.tgz",
      "integrity": "sha512-ZDY+bPm5zTTF+YpCrAU9nK0UgICYPT0QtT1NZWFv4s++TNkcgVaT0g6+4R2uI4MjQjzysHB1zxuWL50hzaeXiw==",
      "requires": {
        "mime-db": "1.52.0"
      }
    },
    "ms": {
      "version": "2.1.2",
      "resolved": "https://rrtv-npm.pkg.coding.net/ironman/rr-vue2-elem/ms/-/ms-2.1.2/d09d1f357b443f493382a8eb3ccd183872ae6009.tgz",
      "integrity": "sha512-sGkPx+VjMtmA6MX27oA4FBFELFCZZ4S4XqeGOXCv68tT+jb3vk/RyaKWP0PTKyWtmLSM0b+adUTEvbs1PEaH2w=="
    },
    "negotiator": {
      "version": "0.6.3",
      "resolved": "https://rrtv-npm.pkg.coding.net/ironman/rr-vue2-elem/negotiator/-/negotiator-0.6.3/58e323a72fedc0d6f9cd4d31fe49f51479590ccd.tgz",
      "integrity": "sha512-+EUsqGPLsM+j/zdChZjsnX51g4XrHFOIXwfnCVPGlQk/k5giakcKsuxCObBRu6DSm9opw/O6slWbJdghQM4bBg=="
    },
    "node-domexception": {
      "version": "1.0.0",
      "resolved": "https://rrtv-npm.pkg.coding.net/ironman/rr-vue2-elem/__tarballs/node-domexception/1.0.0/__path/node-domexception/-/node-domexception-1.0.0/6888db46a1f71c0b76b3f7555016b63fe64766e5.tgz",
      "integrity": "sha512-/jKZoMpw0F8GRwl4/eLROPA3cfcXtLApP0QzLmUT/HuPCZWyB7IY9ZrMeKw2O/nFIqPQB3PVM9aYm0F312AXDQ=="
    },
    "oauth-sign": {
      "version": "0.9.0",
      "resolved": "https://rrtv-npm.pkg.coding.net/ironman/rr-vue2-elem/oauth-sign/-/oauth-sign-0.9.0/47a7b016baa68b5fa0ecf3dee08a85c679ac6455.tgz",
      "integrity": "sha512-fexhUFFPTGV8ybAtSIGbV6gOkSv8UtRbDBnAyLQw4QPKkgNlsH2ByPGtMUqdWkos6YCRmAqViwgZrJc/mRDzZQ=="
    },
    "on-finished": {
      "version": "2.4.1",
      "resolved": "https://rrtv-npm.pkg.coding.net/ironman/rr-vue2-elem/on-finished/-/on-finished-2.4.1/58c8c44116e54845ad57f14ab10b03533184ac3f.tgz",
      "integrity": "sha512-oVlzkg3ENAhCk2zdv7IJwd/QUD4z2RxRwpkcGY8psCVcCYZNq4wYnVWALHM+brtuJjePWiYF/ClmuDr8Ch5+kg==",
      "requires": {
        "ee-first": "1.1.1"
      }
    },
    "only": {
      "version": "0.0.2",
      "resolved": "https://rrtv-npm.pkg.coding.net/ironman/rr-vue2-elem/only/-/only-0.0.2/2afde84d03e50b9a8edc444e30610a70295edfb4.tgz",
      "integrity": "sha1-Kv3oTQPlC5qO3EROMGEKcCle37Q="
    },
    "open": {
      "version": "8.4.0",
      "resolved": "https://rrtv-npm.pkg.coding.net/ironman/rr-vue2-elem/__tarballs/open/8.4.0/__path/open/-/open-8.4.0/345321ae18f8138f82565a910fdc6b39e8c244f8.tgz",
      "integrity": "sha512-XgFPPM+B28FtCCgSb9I+s9szOC1vZRSwgWsRUA5ylIxRTgKozqjOCrVOqGsYABPYK5qnfqClxZTFBa8PKt2v6Q==",
      "requires": {
        "define-lazy-prop": "^2.0.0",
        "is-docker": "^2.1.1",
        "is-wsl": "^2.2.0"
      }
    },
    "parseurl": {
      "version": "1.3.3",
      "resolved": "https://rrtv-npm.pkg.coding.net/ironman/rr-vue2-elem/parseurl/-/parseurl-1.3.3/9da19e7bee8d12dff0513ed5b76957793bc2e8d4.tgz",
      "integrity": "sha512-CiyeOxFT/JZyN5m0z9PfXw4SCBJ6Sygz1Dpl0wqjlhDEGGBP1GnsUVEL0p63hoG1fcj3fHynXi9NYO4nWOL+qQ=="
    },
    "path-to-regexp": {
      "version": "6.2.1",
      "resolved": "https://rrtv-npm.pkg.coding.net/ironman/rr-vue2-elem/__tarballs/path-to-regexp/6.2.1/__path/path-to-regexp/-/path-to-regexp-6.2.1/d54934d6798eb9e5ef14e7af7962c945906918e5.tgz",
      "integrity": "sha512-JLyh7xT1kizaEvcaXOQwOc2/Yhw6KZOvPf1S8401UyLk86CU79LN3vl7ztXGm/pZ+YjoyAJ4rxmHwbkBXJX+yw=="
    },
    "performance-now": {
      "version": "2.1.0",
      "resolved": "https://rrtv-npm.pkg.coding.net/ironman/rr-vue2-elem/performance-now/-/performance-now-2.1.0/6309f4e0e5fa913ec1c69307ae364b4b377c9e7b.tgz",
      "integrity": "sha1-Ywn04OX6kT7BxpMHrjZLSzd8nns="
    },
    "psl": {
      "version": "1.9.0",
      "resolved": "https://rrtv-npm.pkg.coding.net/ironman/rr-vue2-elem/psl/-/psl-1.9.0/d0df2a137f00794565fcaf3b2c00cd09f8d5a5a7.tgz",
      "integrity": "sha512-E/ZsdU4HLs/68gYzgGTkMicWTLPdAftJLfJFlLUAAKZGkStNU72sZjT66SnMDVOfOWY/YAoiD7Jxa9iHvngcag=="
    },
    "punycode": {
      "version": "2.1.1",
      "resolved": "https://rrtv-npm.pkg.coding.net/ironman/rr-vue2-elem/punycode/-/punycode-2.1.1/b58b010ac40c22c5657616c8d2c2c02c7bf479ec.tgz",
      "integrity": "sha512-XRsRjdf+j5ml+y/6GKHPZbrF/8p2Yga0JPtdqTIY2Xe5ohJPD9saDJJLPvp9+NSBprVvevdXZybnj2cv8OEd0A=="
    },
    "qs": {
      "version": "6.5.3",
      "resolved": "https://rrtv-npm.pkg.coding.net/ironman/rr-vue2-elem/qs/-/qs-6.5.3/3aeeffc91967ef6e35c0e488ef46fb296ab76aad.tgz",
      "integrity": "sha512-qxXIEh4pCGfHICj1mAJQ2/2XVZkjCDTcEgfoSQxc/fYivUZxTkk7L3bDBJSoNrEzXI17oUO5Dp07ktqE5KzczA=="
    },
    "remedial": {
      "version": "1.0.8",
      "resolved": "https://rrtv-npm.pkg.coding.net/ironman/rr-vue2-elem/remedial/-/remedial-1.0.8/a5e4fd52a0e4956adbaf62da63a5a46a78c578a0.tgz",
      "integrity": "sha512-/62tYiOe6DzS5BqVsNpH/nkGlX45C/Sp6V+NtiN6JQNS1Viay7cWkazmRkrQrdFj2eshDe96SIQNIoMxqhzBOg=="
    },
    "request": {
      "version": "2.88.2",
      "resolved": "https://rrtv-npm.pkg.coding.net/ironman/rr-vue2-elem/request/-/request-2.88.2/d73c918731cb5a87da047e207234146f664d12b3.tgz",
      "integrity": "sha512-MsvtOrfG9ZcrOwAW+Qi+F6HbD0CWXEh9ou77uOb7FM2WPhwT7smM833PzanhJLsgXjN89Ir6V2PczXNnMpwKhw==",
      "requires": {
        "aws-sign2": "~0.7.0",
        "aws4": "^1.8.0",
        "caseless": "~0.12.0",
        "combined-stream": "~1.0.6",
        "extend": "~3.0.2",
        "forever-agent": "~0.6.1",
        "form-data": "~2.3.2",
        "har-validator": "~5.1.3",
        "http-signature": "~1.2.0",
        "is-typedarray": "~1.0.0",
        "isstream": "~0.1.2",
        "json-stringify-safe": "~5.0.1",
        "mime-types": "~2.1.19",
        "oauth-sign": "~0.9.0",
        "performance-now": "^2.1.0",
        "qs": "~6.5.2",
        "safe-buffer": "^5.1.2",
        "tough-cookie": "~2.5.0",
        "tunnel-agent": "^0.6.0",
        "uuid": "^3.3.2"
      },
      "dependencies": {
        "form-data": {
          "version": "2.3.3",
          "resolved": "https://rrtv-npm.pkg.coding.net/ironman/rr-vue2-elem/form-data/-/form-data-2.3.3/dcce52c05f644f298c6a7ab936bd724ceffbf3a6.tgz",
          "integrity": "sha512-1lLKB2Mu3aGP1Q/2eCOx0fNbRMe7XdwktwOruhfqqd0rIJWwN4Dh+E3hrPSlDCXnSR7UtZ1N38rVXm+6+MEhJQ==",
          "requires": {
            "asynckit": "^0.4.0",
            "combined-stream": "^1.0.6",
            "mime-types": "^2.1.12"
          }
        }
      }
    },
    "safe-buffer": {
      "version": "5.2.1",
      "resolved": "https://rrtv-npm.pkg.coding.net/ironman/rr-vue2-elem/safe-buffer/-/safe-buffer-5.2.1/1eaf9fa9bdb1fdd4ec75f58f9cdb4e6b7827eec6.tgz",
      "integrity": "sha512-rp3So07KcdmmKbGvgaNxQSJr7bGVSVk5S9Eq1F+ppbRo70+YeaDxkw5Dd8NPN+GD6bjnYm2VuPuCXmpuYvmCXQ=="
    },
    "safer-buffer": {
      "version": "2.1.2",
      "resolved": "https://rrtv-npm.pkg.coding.net/ironman/rr-vue2-elem/safer-buffer/-/safer-buffer-2.1.2/44fa161b0187b9549dd84bb91802f9bd8385cd6a.tgz",
      "integrity": "sha512-YZo3K82SD7Riyi0E1EQPojLz7kpepnSQI9IyPbHHg1XXXevb5dJI7tpyN2ADxGcQbHG7vcyRHk0cbwqcQriUtg=="
    },
    "setprototypeof": {
      "version": "1.2.0",
      "resolved": "https://rrtv-npm.pkg.coding.net/ironman/rr-vue2-elem/setprototypeof/-/setprototypeof-1.2.0/66c9a24a73f9fc28cbe66b09fed3d33dcaf1b424.tgz",
      "integrity": "sha512-E5LDX7Wrp85Kil5bhZv46j8jOeboKq5JMmYM3gVGdGH8xFpPWXUMsNrlODCrkoxMEeNi/XZIwuRvY4XNwYMJpw=="
    },
    "sshpk": {
      "version": "1.17.0",
      "resolved": "https://rrtv-npm.pkg.coding.net/ironman/rr-vue2-elem/sshpk/-/sshpk-1.17.0/578082d92d4fe612b13007496e543fa0fbcbe4c5.tgz",
      "integrity": "sha512-/9HIEs1ZXGhSPE8X6Ccm7Nam1z8KcoCqPdI7ecm1N33EzAetWahvQWVqLZtaZQ+IDKX4IyA2o0gBzqIMkAagHQ==",
      "requires": {
        "asn1": "~0.2.3",
        "assert-plus": "^1.0.0",
        "bcrypt-pbkdf": "^1.0.0",
        "dashdash": "^1.12.0",
        "ecc-jsbn": "~0.1.1",
        "getpass": "^0.1.1",
        "jsbn": "~0.1.0",
        "safer-buffer": "^2.0.2",
        "tweetnacl": "~0.14.0"
      }
    },
    "statuses": {
      "version": "1.5.0",
      "resolved": "https://rrtv-npm.pkg.coding.net/ironman/rr-vue2-elem/statuses/-/statuses-1.5.0/161c7dac177659fd9811f43771fa99381478628c.tgz",
      "integrity": "sha1-Fhx9rBd2Wf2YEfQ3cfqZOBR4Yow="
    },
    "toidentifier": {
      "version": "1.0.1",
      "resolved": "https://rrtv-npm.pkg.coding.net/ironman/rr-vue2-elem/toidentifier/-/toidentifier-1.0.1/3be34321a88a820ed1bd80dfaa33e479fbb8dd35.tgz",
      "integrity": "sha512-o5sSPKEkg/DIQNmH43V0/uerLrpzVedkUh8tGNvaeXpfpuwjKenlSox/2O/BTlZUtEe+JG7s5YhEz608PlAHRA=="
    },
    "tough-cookie": {
      "version": "2.5.0",
      "resolved": "https://rrtv-npm.pkg.coding.net/ironman/rr-vue2-elem/tough-cookie/-/tough-cookie-2.5.0/cd9fb2a0aa1d5a12b473bd9fb96fa3dcff65ade2.tgz",
      "integrity": "sha512-nlLsUzgm1kfLXSXfRZMc1KLAugd4hqJHDTvc2hDIwS3mZAfMEuMbc03SujMF+GEcpaX/qboeycw6iO8JwVv2+g==",
      "requires": {
        "psl": "^1.1.28",
        "punycode": "^2.1.1"
      }
    },
    "tsscmp": {
      "version": "1.0.6",
      "resolved": "https://rrtv-npm.pkg.coding.net/ironman/rr-vue2-elem/tsscmp/-/tsscmp-1.0.6/85b99583ac3589ec4bfef825b5000aa911d605eb.tgz",
      "integrity": "sha512-LxhtAkPDTkVCMQjt2h6eBVY28KCjikZqZfMcC15YBeNjkgUpdCfBu5HoiOTDu86v6smE8yOjyEktJ8hlbANHQA=="
    },
    "tunnel-agent": {
      "version": "0.6.0",
      "resolved": "https://rrtv-npm.pkg.coding.net/ironman/rr-vue2-elem/tunnel-agent/-/tunnel-agent-0.6.0/27a5dea06b36b04a0a9966774b290868f0fc40fd.tgz",
      "integrity": "sha1-J6XeoGs2sEoKmWZ3SykIaPD8QP0=",
      "requires": {
        "safe-buffer": "^5.0.1"
      }
    },
    "tweetnacl": {
      "version": "0.14.5",
      "resolved": "https://rrtv-npm.pkg.coding.net/ironman/rr-vue2-elem/tweetnacl/-/tweetnacl-0.14.5/5ae68177f192d4456269d108afa93ff8743f4f64.tgz",
      "integrity": "sha1-WuaBd/GS1EViadEIr6k/+HQ/T2Q="
    },
    "type-is": {
      "version": "1.6.18",
      "resolved": "https://rrtv-npm.pkg.coding.net/ironman/rr-vue2-elem/type-is/-/type-is-1.6.18/4e552cd05df09467dcbc4ef739de89f2cf37c131.tgz",
      "integrity": "sha512-TkRKr9sUTxEH8MdfuCSP7VizJyzRNMjj2J2do2Jr3Kym598JVdEksuzPQCnlFPW4ky9Q+iA+ma9BGm06XQBy8g==",
      "requires": {
        "media-typer": "0.3.0",
        "mime-types": "~2.1.24"
      }
    },
    "uri-js": {
      "version": "4.4.1",
      "resolved": "https://rrtv-npm.pkg.coding.net/ironman/rr-vue2-elem/uri-js/-/uri-js-4.4.1/9b1a52595225859e55f669d928f88c6c57f2a77e.tgz",
      "integrity": "sha512-7rKUyy33Q1yc98pQ1DAmLtwX109F7TIfWlW1Ydo8Wl1ii1SeHieeh0HHfPeL2fMXK6z0s8ecKs9frCuLJvndBg==",
      "requires": {
        "punycode": "^2.1.0"
      }
    },
    "uuid": {
      "version": "3.4.0",
      "resolved": "https://rrtv-npm.pkg.coding.net/ironman/rr-vue2-elem/uuid/-/uuid-3.4.0/b23e4358afa8a202fe7a100af1f5f883f02007ee.tgz",
      "integrity": "sha512-HjSDRw6gZE5JMggctHBcjVak08+KEVhSIiDzFnT9S9aegmp85S/bReBVTb4QTFaRNptJ9kuYaNhnbNEOkbKb/A=="
    },
    "vary": {
      "version": "1.1.2",
      "resolved": "https://rrtv-npm.pkg.coding.net/ironman/rr-vue2-elem/vary/-/vary-1.1.2/2299f02c6ded30d4a5961b0b9f74524a18f634fc.tgz",
      "integrity": "sha1-IpnwLG3tMNSllhsLn3RSShj2NPw="
    },
    "verror": {
      "version": "1.10.0",
      "resolved": "https://rrtv-npm.pkg.coding.net/ironman/rr-vue2-elem/verror/-/verror-1.10.0/3a105ca17053af55d6e270c1f8288682e18da400.tgz",
      "integrity": "sha1-OhBcoXBTr1XW4nDB+CiGguGNpAA=",
      "requires": {
        "assert-plus": "^1.0.0",
        "core-util-is": "1.0.2",
        "extsprintf": "^1.2.0"
      }
    },
    "web-streams-polyfill": {
      "version": "4.0.0-beta.3",
      "resolved": "https://rrtv-npm.pkg.coding.net/ironman/rr-vue2-elem/__tarballs/web-streams-polyfill/4.0.0-beta.3/__path/web-streams-polyfill/-/web-streams-polyfill-4.0.0-beta.3/2898486b74f5156095e473efe989dcf185047a38.tgz",
      "integrity": "sha512-QW95TCTaHmsYfHDybGMwO5IJIM93I/6vTRk+daHTWFPhwh+C8Cg7j7XyKrwrj8Ib6vYXe0ocYNrmzY4xAAN6ug=="
    },
    "ylru": {
      "version": "1.3.2",
      "resolved": "https://rrtv-npm.pkg.coding.net/ironman/rr-vue2-elem/__tarballs/ylru/1.3.2/__path/ylru/-/ylru-1.3.2/0de48017473275a4cbdfc83a1eaf67c01af8a785.tgz",
      "integrity": "sha512-RXRJzMiK6U2ye0BlGGZnmpwJDPgakn6aNQ0A7gHRbD4I0uvK4TW6UqkK1V0pp9jskjJBAXd3dRrbzWkqJ+6cxA=="
    }
  }
}
